Microsoft Visual Studio Solution File, Format Version 11.00
# Visual Studio 2008

Project("{C33EB347-65F3-0D6A-21F4-27D9771CC166}") = "AssetStore", "Assembly-CSharp-firstpass.csproj", "{30ED091B-B35B-EB53-48EF-95F6AEB612C5}"
EndProject
Project("{C33EB347-65F3-0D6A-21F4-27D9771CC166}") = "AssetStore", "Assembly-CSharp.csproj", "{A15B0DEB-7122-4427-1E16-FEF85CE586ED}"
EndProject
Project("{C33EB347-65F3-0D6A-21F4-27D9771CC166}") = "AssetStore", "Assembly-CSharp-Editor-firstpass.csproj", "{4DDD6AEC-4676-16E7-2F61-40FC16D27024}"
EndProject
Project("{C33EB347-65F3-0D6A-21F4-27D9771CC166}") = "AssetStore", "Assembly-CSharp-Editor.csproj", "{8CBAA156-F62C-3089-D3AD-CB6475B83F88}"
EndProject
Project("{C33EB347-65F3-0D6A-21F4-27D9771CC166}") = "AssetStore", "Assembly-UnityScript-firstpass.unityproj", "{B32F98D5-90C3-2DC7-7AFB-AEE20D1C9D9D}"
EndProject
Global
	GlobalSection(SolutionConfigurationPlatforms) = preSolution
		Debug|Any CPU = Debug|Any CPU
		Release|Any CPU = Release|Any CPU
	EndGlobalSection
	GlobalSection(ProjectConfigurationPlatforms) = postSolution
		{30ED091B-B35B-EB53-48EF-95F6AEB612C5}.Debug|Any CPU.ActiveCfg = Debug|Any CPU
		{30ED091B-B35B-EB53-48EF-95F6AEB612C5}.Debug|Any CPU.Build.0 = Debug|Any CPU
		{30ED091B-B35B-EB53-48EF-95F6AEB612C5}.Release|Any CPU.ActiveCfg = Release|Any CPU
		{30ED091B-B35B-EB53-48EF-95F6AEB612C5}.Release|Any CPU.Build.0 = Release|Any CPU
		{A15B0DEB-7122-4427-1E16-FEF85CE586ED}.Debug|Any CPU.ActiveCfg = Debug|Any CPU
		{A15B0DEB-7122-4427-1E16-FEF85CE586ED}.Debug|Any CPU.Build.0 = Debug|Any CPU
		{A15B0DEB-7122-4427-1E16-FEF85CE586ED}.Release|Any CPU.ActiveCfg = Release|Any CPU
		{A15B0DEB-7122-4427-1E16-FEF85CE586ED}.Release|Any CPU.Build.0 = Release|Any CPU
		{4DDD6AEC-4676-16E7-2F61-40FC16D27024}.Debug|Any CPU.ActiveCfg = Debug|Any CPU
		{4DDD6AEC-4676-16E7-2F61-40FC16D27024}.Debug|Any CPU.Build.0 = Debug|Any CPU
		{4DDD6AEC-4676-16E7-2F61-40FC16D27024}.Release|Any CPU.ActiveCfg = Release|Any CPU
		{4DDD6AEC-4676-16E7-2F61-40FC16D27024}.Release|Any CPU.Build.0 = Release|Any CPU
		{8CBAA156-F62C-3089-D3AD-CB6475B83F88}.Debug|Any CPU.ActiveCfg = Debug|Any CPU
		{8CBAA156-F62C-3089-D3AD-CB6475B83F88}.Debug|Any CPU.Build.0 = Debug|Any CPU
		{8CBAA156-F62C-3089-D3AD-CB6475B83F88}.Release|Any CPU.ActiveCfg = Release|Any CPU
		{8CBAA156-F62C-3089-D3AD-CB6475B83F88}.Release|Any CPU.Build.0 = Release|Any CPU
		{B32F98D5-90C3-2DC7-7AFB-AEE20D1C9D9D}.Debug|Any CPU.ActiveCfg = Debug|Any CPU
		{B32F98D5-90C3-2DC7-7AFB-AEE20D1C9D9D}.Debug|Any CPU.Build.0 = Debug|Any CPU
		{B32F98D5-90C3-2DC7-7AFB-AEE20D1C9D9D}.Release|Any CPU.ActiveCfg = Release|Any CPU
		{B32F98D5-90C3-2DC7-7AFB-AEE20D1C9D9D}.Release|Any CPU.Build.0 = Release|Any CPU
	EndGlobalSection
	GlobalSection(SolutionProperties) = preSolution
		HideSolutionNode = FALSE
	EndGlobalSection
	GlobalSection(MonoDevelopProperties) = preSolution
		StartupItem = Assembly-CSharp.csproj
		Policies = $0
		$0.TextStylePolicy = $1
		$1.inheritsSet = null
		$1.scope = text/x-csharp
		$0.CSharpFormattingPolicy = $2
		$2.inheritsSet = Mono
		$2.inheritsScope = text/x-csharp
		$2.scope = text/x-csharp
		$0.TextStylePolicy = $3
		$3.FileWidth = 120
		$3.TabWidth = 4
		$3.EolMarker = Unix
		$3.inheritsSet = Mono
		$3.inheritsScope = text/plain
		$3.scope = text/plain
	EndGlobalSection
EndGlobal
