Microsoft Visual Studio Solution File, Format Version 11.00
# Visual Studio 2008

Project("{F2FFCBEE-0A28-EA56-68CD-476A386AA4F0}") = "stageGame_21_05", "Assembly-CSharp-firstpass-vs.csproj", "{31141563-6E27-A17F-4525-DB3175934558}"
EndProject
Project("{F2FFCBEE-0A28-EA56-68CD-476A386AA4F0}") = "stageGame_21_05", "Assembly-CSharp-vs.csproj", "{A6D5908A-E0ED-BA24-0296-061328B84252}"
EndProject
Project("{F2FFCBEE-0A28-EA56-68CD-476A386AA4F0}") = "stageGame_21_05", "Assembly-CSharp-Editor-firstpass-vs.csproj", "{743BCD15-5279-E27E-0B3B-E9B3153A7FEE}"
EndProject
Project("{F2FFCBEE-0A28-EA56-68CD-476A386AA4F0}") = "stageGame_21_05", "Assembly-CSharp-Editor-vs.csproj", "{1411AA82-8DC2-0C61-709E-3C39BCC20BF6}"
EndProject
Global
	GlobalSection(SolutionConfigurationPlatforms) = preSolution
		Debug|Any CPU = Debug|Any CPU
		Release|Any CPU = Release|Any CPU
	EndGlobalSection
	GlobalSection(ProjectConfigurationPlatforms) = postSolution
		{31141563-6E27-A17F-4525-DB3175934558}.Debug|Any CPU.ActiveCfg = Debug|Any CPU
		{31141563-6E27-A17F-4525-DB3175934558}.Debug|Any CPU.Build.0 = Debug|Any CPU
		{31141563-6E27-A17F-4525-DB3175934558}.Release|Any CPU.ActiveCfg = Release|Any CPU
		{31141563-6E27-A17F-4525-DB3175934558}.Release|Any CPU.Build.0 = Release|Any CPU
		{A6D5908A-E0ED-BA24-0296-061328B84252}.Debug|Any CPU.ActiveCfg = Debug|Any CPU
		{A6D5908A-E0ED-BA24-0296-061328B84252}.Debug|Any CPU.Build.0 = Debug|Any CPU
		{A6D5908A-E0ED-BA24-0296-061328B84252}.Release|Any CPU.ActiveCfg = Release|Any CPU
		{A6D5908A-E0ED-BA24-0296-061328B84252}.Release|Any CPU.Build.0 = Release|Any CPU
		{743BCD15-5279-E27E-0B3B-E9B3153A7FEE}.Debug|Any CPU.ActiveCfg = Debug|Any CPU
		{743BCD15-5279-E27E-0B3B-E9B3153A7FEE}.Debug|Any CPU.Build.0 = Debug|Any CPU
		{743BCD15-5279-E27E-0B3B-E9B3153A7FEE}.Release|Any CPU.ActiveCfg = Release|Any CPU
		{743BCD15-5279-E27E-0B3B-E9B3153A7FEE}.Release|Any CPU.Build.0 = Release|Any CPU
		{1411AA82-8DC2-0C61-709E-3C39BCC20BF6}.Debug|Any CPU.ActiveCfg = Debug|Any CPU
		{1411AA82-8DC2-0C61-709E-3C39BCC20BF6}.Debug|Any CPU.Build.0 = Debug|Any CPU
		{1411AA82-8DC2-0C61-709E-3C39BCC20BF6}.Release|Any CPU.ActiveCfg = Release|Any CPU
		{1411AA82-8DC2-0C61-709E-3C39BCC20BF6}.Release|Any CPU.Build.0 = Release|Any CPU
	EndGlobalSection
	GlobalSection(SolutionProperties) = preSolution
		HideSolutionNode = FALSE
	EndGlobalSection
										GlobalSection(MonoDevelopProperties) = preSolution
		StartupItem = Assembly-CSharp.csproj
		Policies = $0
		$0.TextStylePolicy = $1
		$1.inheritsSet = null
		$1.scope = text/x-csharp
		$0.CSharpFormattingPolicy = $2
		$2.inheritsSet = Mono
		$2.inheritsScope = text/x-csharp
		$2.scope = text/x-csharp
		$0.TextStylePolicy = $3
		$3.FileWidth = 120
		$3.TabWidth = 4
		$3.EolMarker = Unix
		$3.inheritsSet = Mono
		$3.inheritsScope = text/plain
		$3.scope = text/plain
	EndGlobalSection

EndGlobal
